# generated by rye
# use `rye lock` or `rye sync` to update this lockfile
#
# last locked with the following flags:
#   pre: false
#   features: []
#   all-features: false
#   with-sources: false

-e file:.
brotli==1.1.0
    # via yt-dlp
cachetools==5.3.3
    # via google-auth
certifi==2024.2.2
    # via requests
    # via yt-dlp
charset-normalizer==3.3.2
    # via requests
ffmpeg==1.4
    # via rushia-dl
ffmpeg-python==0.2.0
    # via rushia-dl
future==1.0.0
    # via ffmpeg-python
google-api-core==2.18.0
    # via google-api-python-client
google-api-python-client==2.125.0
    # via rushia-dl
google-auth==2.29.0
    # via google-api-core
    # via google-api-python-client
    # via google-auth-httplib2
google-auth-httplib2==0.2.0
    # via google-api-python-client
googleapis-common-protos==1.63.0
    # via google-api-core
httplib2==0.22.0
    # via google-api-python-client
    # via google-auth-httplib2
idna==3.6
    # via requests
mutagen==1.47.0
    # via yt-dlp
proto-plus==1.23.0
    # via google-api-core
protobuf==4.25.3
    # via google-api-core
    # via googleapis-common-protos
    # via proto-plus
pyasn1==0.6.0
    # via pyasn1-modules
    # via rsa
pyasn1-modules==0.4.0
    # via google-auth
pycryptodomex==3.20.0
    # via yt-dlp
pyparsing==3.1.2
    # via httplib2
requests==2.31.0
    # via google-api-core
    # via yt-dlp
rsa==4.9
    # via google-auth
uritemplate==4.1.1
    # via google-api-python-client
urllib3==2.2.1
    # via requests
    # via yt-dlp
websockets==12.0
    # via yt-dlp
youtube-dl==2021.12.17
    # via rushia-dl
yt-dlp==2024.3.10
    # via rushia-dl
